
Microsoft Visual Studio Solution File, Format Version 12.00
# Visual Studio 15
VisualStudioVersion = 15.0.28307.852
MinimumVisualStudioVersion = 10.0.40219.1
Project("{FAE04EC0-301F-11D3-BF4B-00C04F79EFBC}") = "Data", "Data\Data.csproj", "{0CE90B13-2A38-4200-9CD5-AA0B99A1E457}"
EndProject
Project("{FAE04EC0-301F-11D3-BF4B-00C04F79EFBC}") = "Domain", "Domain\Domain.csproj", "{2E6B4878-F0ED-4A84-B6C0-7731F7D0DBD0}"
EndProject
Project("{FAE04EC0-301F-11D3-BF4B-00C04F79EFBC}") = "Services", "Services\Services.csproj", "{3FA05770-3CA9-4DB6-B7F4-6DD1F88F4673}"
EndProject
Project("{FAE04EC0-301F-11D3-BF4B-00C04F79EFBC}") = "ServicesPattern", "ServicesPattern\ServicesPattern.csproj", "{B27F4AB9-BD34-4D3D-966B-B9415665EB7F}"
EndProject
Project("{FAE04EC0-301F-11D3-BF4B-00C04F79EFBC}") = "Web", "Web\Web.csproj", "{F7BE8D6C-69E9-4C5A-977B-6A3AC70CF331}"
EndProject
Project("{FAE04EC0-301F-11D3-BF4B-00C04F79EFBC}") = "MVC", "MVC\MVC.csproj", "{C7243238-5510-4CB3-9FB4-7D82CFBD2CFA}"
EndProject
Global
	GlobalSection(SolutionConfigurationPlatforms) = preSolution
		Debug|Any CPU = Debug|Any CPU
		Release|Any CPU = Release|Any CPU
	EndGlobalSection
	GlobalSection(ProjectConfigurationPlatforms) = postSolution
		{0CE90B13-2A38-4200-9CD5-AA0B99A1E457}.Debug|Any CPU.ActiveCfg = Debug|Any CPU
		{0CE90B13-2A38-4200-9CD5-AA0B99A1E457}.Debug|Any CPU.Build.0 = Debug|Any CPU
		{0CE90B13-2A38-4200-9CD5-AA0B99A1E457}.Release|Any CPU.ActiveCfg = Release|Any CPU
		{0CE90B13-2A38-4200-9CD5-AA0B99A1E457}.Release|Any CPU.Build.0 = Release|Any CPU
		{2E6B4878-F0ED-4A84-B6C0-7731F7D0DBD0}.Debug|Any CPU.ActiveCfg = Debug|Any CPU
		{2E6B4878-F0ED-4A84-B6C0-7731F7D0DBD0}.Debug|Any CPU.Build.0 = Debug|Any CPU
		{2E6B4878-F0ED-4A84-B6C0-7731F7D0DBD0}.Release|Any CPU.ActiveCfg = Release|Any CPU
		{2E6B4878-F0ED-4A84-B6C0-7731F7D0DBD0}.Release|Any CPU.Build.0 = Release|Any CPU
		{3FA05770-3CA9-4DB6-B7F4-6DD1F88F4673}.Debug|Any CPU.ActiveCfg = Debug|Any CPU
		{3FA05770-3CA9-4DB6-B7F4-6DD1F88F4673}.Debug|Any CPU.Build.0 = Debug|Any CPU
		{3FA05770-3CA9-4DB6-B7F4-6DD1F88F4673}.Release|Any CPU.ActiveCfg = Release|Any CPU
		{3FA05770-3CA9-4DB6-B7F4-6DD1F88F4673}.Release|Any CPU.Build.0 = Release|Any CPU
		{B27F4AB9-BD34-4D3D-966B-B9415665EB7F}.Debug|Any CPU.ActiveCfg = Debug|Any CPU
		{B27F4AB9-BD34-4D3D-966B-B9415665EB7F}.Debug|Any CPU.Build.0 = Debug|Any CPU
		{B27F4AB9-BD34-4D3D-966B-B9415665EB7F}.Release|Any CPU.ActiveCfg = Release|Any CPU
		{B27F4AB9-BD34-4D3D-966B-B9415665EB7F}.Release|Any CPU.Build.0 = Release|Any CPU
		{F7BE8D6C-69E9-4C5A-977B-6A3AC70CF331}.Debug|Any CPU.ActiveCfg = Debug|Any CPU
		{F7BE8D6C-69E9-4C5A-977B-6A3AC70CF331}.Debug|Any CPU.Build.0 = Debug|Any CPU
		{F7BE8D6C-69E9-4C5A-977B-6A3AC70CF331}.Release|Any CPU.ActiveCfg = Release|Any CPU
		{F7BE8D6C-69E9-4C5A-977B-6A3AC70CF331}.Release|Any CPU.Build.0 = Release|Any CPU
		{C7243238-5510-4CB3-9FB4-7D82CFBD2CFA}.Debug|Any CPU.ActiveCfg = Debug|Any CPU
		{C7243238-5510-4CB3-9FB4-7D82CFBD2CFA}.Debug|Any CPU.Build.0 = Debug|Any CPU
		{C7243238-5510-4CB3-9FB4-7D82CFBD2CFA}.Release|Any CPU.ActiveCfg = Release|Any CPU
		{C7243238-5510-4CB3-9FB4-7D82CFBD2CFA}.Release|Any CPU.Build.0 = Release|Any CPU
	EndGlobalSection
	GlobalSection(SolutionProperties) = preSolution
		HideSolutionNode = FALSE
	EndGlobalSection
	GlobalSection(ExtensibilityGlobals) = postSolution
		SolutionGuid = {0A0E0E34-A5BF-48FD-B94E-588DD06A6ED8}
	EndGlobalSection
EndGlobal
